// !$*UTF8*$!
{
	archiveVersion = 1;
	classes = {
	};
	objectVersion = 56;
	objects = {

/* Begin PBXBuildFile section */
		5B41C0E52C13FE79001996BF /* Documentation.docc in Sources */ = {isa = PBXBuildFile; fileRef = 5B41C0E42C13FE79001996BF /* Documentation.docc */; };
		5B41C0E82C13FF04001996BF /* Launch Screen.storyboard in Resources */ = {isa = PBXBuildFile; fileRef = 5B41C0E72C13FF04001996BF /* Launch Screen.storyboard */; };
		5BC795812C0E45F6000A8C17 /* plotpointsApp.swift in Sources */ = {isa = PBXBuildFile; fileRef = 5BC795802C0E45F6000A8C17 /* plotpointsApp.swift */; };
		5BC795832C0E45F6000A8C17 /* ContentView.swift in Sources */ = {isa = PBXBuildFile; fileRef = 5BC795822C0E45F6000A8C17 /* ContentView.swift */; };
		5BC795852C0E45F6000A8C17 /* Item.swift in Sources */ = {isa = PBXBuildFile; fileRef = 5BC795842C0E45F6000A8C17 /* Item.swift */; };
		5BC795872C0E45F8000A8C17 /* Assets.xcassets in Resources */ = {isa = PBXBuildFile; fileRef = 5BC795862C0E45F8000A8C17 /* Assets.xcassets */; };
		5BC7958A2C0E45F8000A8C17 /* Preview Assets.xcassets in Resources */ = {isa = PBXBuildFile; fileRef = 5BC795892C0E45F8000A8C17 /* Preview Assets.xcassets */; };
		5BC795942C0E45F8000A8C17 /* plotpointsTests.swift in Sources */ = {isa = PBXBuildFile; fileRef = 5BC795932C0E45F8000A8C17 /* plotpointsTests.swift */; };
		5BC7959E2C0E45F8000A8C17 /* plotpointsUITests.swift in Sources */ = {isa = PBXBuildFile; fileRef = 5BC7959D2C0E45F8000A8C17 /* plotpointsUITests.swift */; };
		5BC795A02C0E45F8000A8C17 /* plotpointsUITestsLaunchTests.swift in Sources */ = {isa = PBXBuildFile; fileRef = 5BC7959F2C0E45F8000A8C17 /* plotpointsUITestsLaunchTests.swift */; };
		5BC795AD2C0E653B000A8C17 /* data.swift in Sources */ = {isa = PBXBuildFile; fileRef = 5BC795AC2C0E653B000A8C17 /* data.swift */; };
/* End PBXBuildFile section */

/* Begin PBXContainerItemProxy section */
		5BC795902C0E45F8000A8C17 /* PBXContainerItemProxy */ = {
			isa = PBXContainerItemProxy;
			containerPortal = 5BC795752C0E45F6000A8C17 /* Project object */;
			proxyType = 1;
			remoteGlobalIDString = 5BC7957C2C0E45F6000A8C17;
			remoteInfo = plotpoints;
		};
		5BC7959A2C0E45F8000A8C17 /* PBXContainerItemProxy */ = {
			isa = PBXContainerItemProxy;
			containerPortal = 5BC795752C0E45F6000A8C17 /* Project object */;
			proxyType = 1;
			remoteGlobalIDString = 5BC7957C2C0E45F6000A8C17;
			remoteInfo = plotpoints;
		};
/* End PBXContainerItemProxy section */

/* Begin PBXFileReference section */
		5B41C0E42C13FE79001996BF /* Documentation.docc */ = {isa = PBXFileReference; lastKnownFileType = folder.documentationcatalog; path = Documentation.docc; sourceTree = "<group>"; };
		5B41C0E72C13FF04001996BF /* Launch Screen.storyboard */ = {isa = PBXFileReference; lastKnownFileType = file.storyboard; path = "Launch Screen.storyboard"; sourceTree = "<group>"; };
		5BC7957D2C0E45F6000A8C17 /* plotpoints.app */ = {isa = PBXFileReference; explicitFileType = wrapper.application; includeInIndex = 0; path = plotpoints.app; sourceTree = BUILT_PRODUCTS_DIR; };
		5BC795802C0E45F6000A8C17 /* plotpointsApp.swift */ = {isa = PBXFileReference; lastKnownFileType = sourcecode.swift; path = plotpointsApp.swift; sourceTree = "<group>"; };
		5BC795822C0E45F6000A8C17 /* ContentView.swift */ = {isa = PBXFileReference; lastKnownFileType = sourcecode.swift; path = ContentView.swift; sourceTree = "<group>"; };
		5BC795842C0E45F6000A8C17 /* Item.swift */ = {isa = PBXFileReference; lastKnownFileType = sourcecode.swift; path = Item.swift; sourceTree = "<group>"; };
		5BC795862C0E45F8000A8C17 /* Assets.xcassets */ = {isa = PBXFileReference; lastKnownFileType = folder.assetcatalog; path = Assets.xcassets; sourceTree = "<group>"; };
		5BC795892C0E45F8000A8C17 /* Preview Assets.xcassets */ = {isa = PBXFileReference; lastKnownFileType = folder.assetcatalog; path = "Preview Assets.xcassets"; sourceTree = "<group>"; };
		5BC7958F2C0E45F8000A8C17 /* plotpointsTests.xctest */ = {isa = PBXFileReference; explicitFileType = wrapper.cfbundle; includeInIndex = 0; path = plotpointsTests.xctest; sourceTree = BUILT_PRODUCTS_DIR; };
		5BC795932C0E45F8000A8C17 /* plotpointsTests.swift */ = {isa = PBXFileReference; lastKnownFileType = sourcecode.swift; path = plotpointsTests.swift; sourceTree = "<group>"; };
		5BC795992C0E45F8000A8C17 /* plotpointsUITests.xctest */ = {isa = PBXFileReference; explicitFileType = wrapper.cfbundle; includeInIndex = 0; path = plotpointsUITests.xctest; sourceTree = BUILT_PRODUCTS_DIR; };
		5BC7959D2C0E45F8000A8C17 /* plotpointsUITests.swift */ = {isa = PBXFileReference; lastKnownFileType = sourcecode.swift; path = plotpointsUITests.swift; sourceTree = "<group>"; };
		5BC7959F2C0E45F8000A8C17 /* plotpointsUITestsLaunchTests.swift */ = {isa = PBXFileReference; lastKnownFileType = sourcecode.swift; path = plotpointsUITestsLaunchTests.swift; sourceTree = "<group>"; };
		5BC795AC2C0E653B000A8C17 /* data.swift */ = {isa = PBXFileReference; lastKnownFileType = sourcecode.swift; path = data.swift; sourceTree = "<group>"; };
/* End PBXFileReference section */

/* Begin PBXFrameworksBuildPhase section */
		5BC7957A2C0E45F6000A8C17 /* Frameworks */ = {
			isa = PBXFrameworksBuildPhase;
			buildActionMask = 2147483647;
			files = (
			);
			runOnlyForDeploymentPostprocessing = 0;
		};
		5BC7958C2C0E45F8000A8C17 /* Frameworks */ = {
			isa = PBXFrameworksBuildPhase;
			buildActionMask = 2147483647;
			files = (
			);
			runOnlyForDeploymentPostprocessing = 0;
		};
		5BC795962C0E45F8000A8C17 /* Frameworks */ = {
			isa = PBXFrameworksBuildPhase;
			buildActionMask = 2147483647;
			files = (
			);
			runOnlyForDeploymentPostprocessing = 0;
		};
/* End PBXFrameworksBuildPhase section */

/* Begin PBXGroup section */
		5B41C0E62C13FE95001996BF /* pages */ = {
			isa = PBXGroup;
			children = (
			);
			path = pages;
			sourceTree = "<group>";
		};
		5BC795742C0E45F6000A8C17 = {
			isa = PBXGroup;
			children = (
				5BC7957F2C0E45F6000A8C17 /* plotpoints */,
				5BC795922C0E45F8000A8C17 /* plotpointsTests */,
				5BC7959C2C0E45F8000A8C17 /* plotpointsUITests */,
				5BC7957E2C0E45F6000A8C17 /* Products */,
			);
			sourceTree = "<group>";
		};
		5BC7957E2C0E45F6000A8C17 /* Products */ = {
			isa = PBXGroup;
			children = (
				5BC7957D2C0E45F6000A8C17 /* plotpoints.app */,
				5BC7958F2C0E45F8000A8C17 /* plotpointsTests.xctest */,
				5BC795992C0E45F8000A8C17 /* plotpointsUITests.xctest */,
			);
			name = Products;
			sourceTree = "<group>";
		};
		5BC7957F2C0E45F6000A8C17 /* plotpoints */ = {
			isa = PBXGroup;
			children = (
				5B41C0E62C13FE95001996BF /* pages */,
				5BC795802C0E45F6000A8C17 /* plotpointsApp.swift */,
				5BC795822C0E45F6000A8C17 /* ContentView.swift */,
				5BC795842C0E45F6000A8C17 /* Item.swift */,
				5BC795AC2C0E653B000A8C17 /* data.swift */,
				5B41C0E72C13FF04001996BF /* Launch Screen.storyboard */,
				5BC795862C0E45F8000A8C17 /* Assets.xcassets */,
				5BC795882C0E45F8000A8C17 /* Preview Content */,
				5B41C0E42C13FE79001996BF /* Documentation.docc */,
			);
			path = plotpoints;
			sourceTree = "<group>";
		};
		5BC795882C0E45F8000A8C17 /* Preview Content */ = {
			isa = PBXGroup;
			children = (
				5BC795892C0E45F8000A8C17 /* Preview Assets.xcassets */,
			);
			path = "Preview Content";
			sourceTree = "<group>";
		};
		5BC795922C0E45F8000A8C17 /* plotpointsTests */ = {
			isa = PBXGroup;
			children = (
				5BC795932C0E45F8000A8C17 /* plotpointsTests.swift */,
			);
			path = plotpointsTests;
			sourceTree = "<group>";
		};
		5BC7959C2C0E45F8000A8C17 /* plotpointsUITests */ = {
			isa = PBXGroup;
			children = (
				5BC7959D2C0E45F8000A8C17 /* plotpointsUITests.swift */,
				5BC7959F2C0E45F8000A8C17 /* plotpointsUITestsLaunchTests.swift */,
			);
			path = plotpointsUITests;
			sourceTree = "<group>";
		};
/* End PBXGroup section */

/* Begin PBXNativeTarget section */
		5BC7957C2C0E45F6000A8C17 /* plotpoints */ = {
			isa = PBXNativeTarget;
			buildConfigurationList = 5BC795A32C0E45F8000A8C17 /* Build configuration list for PBXNativeTarget "plotpoints" */;
			buildPhases = (
				5BC795792C0E45F6000A8C17 /* Sources */,
				5BC7957A2C0E45F6000A8C17 /* Frameworks */,
				5BC7957B2C0E45F6000A8C17 /* Resources */,
			);
			buildRules = (
			);
			dependencies = (
			);
			name = plotpoints;
			productName = plotpoints;
			productReference = 5BC7957D2C0E45F6000A8C17 /* plotpoints.app */;
			productType = "com.apple.product-type.application";
		};
		5BC7958E2C0E45F8000A8C17 /* plotpointsTests */ = {
			isa = PBXNativeTarget;
			buildConfigurationList = 5BC795A62C0E45F8000A8C17 /* Build configuration list for PBXNativeTarget "plotpointsTests" */;
			buildPhases = (
				5BC7958B2C0E45F8000A8C17 /* Sources */,
				5BC7958C2C0E45F8000A8C17 /* Frameworks */,
				5BC7958D2C0E45F8000A8C17 /* Resources */,
			);
			buildRules = (
			);
			dependencies = (
				5BC795912C0E45F8000A8C17 /* PBXTargetDependency */,
			);
			name = plotpointsTests;
			productName = plotpointsTests;
			productReference = 5BC7958F2C0E45F8000A8C17 /* plotpointsTests.xctest */;
			productType = "com.apple.product-type.bundle.unit-test";
		};
		5BC795982C0E45F8000A8C17 /* plotpointsUITests */ = {
			isa = PBXNativeTarget;
			buildConfigurationList = 5BC795A92C0E45F8000A8C17 /* Build configuration list for PBXNativeTarget "plotpointsUITests" */;
			buildPhases = (
				5BC795952C0E45F8000A8C17 /* Sources */,
				5BC795962C0E45F8000A8C17 /* Frameworks */,
				5BC795972C0E45F8000A8C17 /* Resources */,
			);
			buildRules = (
			);
			dependencies = (
				5BC7959B2C0E45F8000A8C17 /* PBXTargetDependency */,
			);
			name = plotpointsUITests;
			productName = plotpointsUITests;
			productReference = 5BC795992C0E45F8000A8C17 /* plotpointsUITests.xctest */;
			productType = "com.apple.product-type.bundle.ui-testing";
		};
/* End PBXNativeTarget section */

/* Begin PBXProject section */
		5BC795752C0E45F6000A8C17 /* Project object */ = {
			isa = PBXProject;
			attributes = {
				BuildIndependentTargetsInParallel = 1;
				LastSwiftUpdateCheck = 1530;
				LastUpgradeCheck = 1530;
				TargetAttributes = {
					5BC7957C2C0E45F6000A8C17 = {
						CreatedOnToolsVersion = 15.3;
					};
					5BC7958E2C0E45F8000A8C17 = {
						CreatedOnToolsVersion = 15.3;
						TestTargetID = 5BC7957C2C0E45F6000A8C17;
					};
					5BC795982C0E45F8000A8C17 = {
						CreatedOnToolsVersion = 15.3;
						TestTargetID = 5BC7957C2C0E45F6000A8C17;
					};
				};
			};
			buildConfigurationList = 5BC795782C0E45F6000A8C17 /* Build configuration list for PBXProject "plotpoints" */;
			compatibilityVersion = "Xcode 14.0";
			developmentRegion = en;
			hasScannedForEncodings = 0;
			knownRegions = (
				en,
				Base,
			);
			mainGroup = 5BC795742C0E45F6000A8C17;
			productRefGroup = 5BC7957E2C0E45F6000A8C17 /* Products */;
			projectDirPath = "";
			projectRoot = "";
			targets = (
				5BC7957C2C0E45F6000A8C17 /* plotpoints */,
				5BC7958E2C0E45F8000A8C17 /* plotpointsTests */,
				5BC795982C0E45F8000A8C17 /* plotpointsUITests */,
			);
		};
/* End PBXProject section */

/* Begin PBXResourcesBuildPhase section */
		5BC7957B2C0E45F6000A8C17 /* Resources */ = {
			isa = PBXResourcesBuildPhase;
			buildActionMask = 2147483647;
			files = (
				5B41C0E82C13FF04001996BF /* Launch Screen.storyboard in Resources */,
				5BC7958A2C0E45F8000A8C17 /* Preview Assets.xcassets in Resources */,
				5BC795872C0E45F8000A8C17 /* Assets.xcassets in Resources */,
			);
			runOnlyForDeploymentPostprocessing = 0;
		};
		5BC7958D2C0E45F8000A8C17 /* Resources */ = {
			isa = PBXResourcesBuildPhase;
			buildActionMask = 2147483647;
			files = (
			);
			runOnlyForDeploymentPostprocessing = 0;
		};
		5BC795972C0E45F8000A8C17 /* Resources */ = {
			isa = PBXResourcesBuildPhase;
			buildActionMask = 2147483647;
			files = (
			);
			runOnlyForDeploymentPostprocessing = 0;
		};
/* End PBXResourcesBuildPhase section */

/* Begin PBXSourcesBuildPhase section */
		5BC795792C0E45F6000A8C17 /* Sources */ = {
			isa = PBXSourcesBuildPhase;
			buildActionMask = 2147483647;
			files = (
				5BC795832C0E45F6000A8C17 /* ContentView.swift in Sources */,
				5BC795852C0E45F6000A8C17 /* Item.swift in Sources */,
				5BC795812C0E45F6000A8C17 /* plotpointsApp.swift in Sources */,
				5B41C0E52C13FE79001996BF /* Documentation.docc in Sources */,
				5BC795AD2C0E653B000A8C17 /* data.swift in Sources */,
			);
			runOnlyForDeploymentPostprocessing = 0;
		};
		5BC7958B2C0E45F8000A8C17 /* Sources */ = {
			isa = PBXSourcesBuildPhase;
			buildActionMask = 2147483647;
			files = (
				5BC795942C0E45F8000A8C17 /* plotpointsTests.swift in Sources */,
			);
			runOnlyForDeploymentPostprocessing = 0;
		};
		5BC795952C0E45F8000A8C17 /* Sources */ = {
			isa = PBXSourcesBuildPhase;
			buildActionMask = 2147483647;
			files = (
				5BC795A02C0E45F8000A8C17 /* plotpointsUITestsLaunchTests.swift in Sources */,
				5BC7959E2C0E45F8000A8C17 /* plotpointsUITests.swift in Sources */,
			);
			runOnlyForDeploymentPostprocessing = 0;
		};
/* End PBXSourcesBuildPhase section */

/* Begin PBXTargetDependency section */
		5BC795912C0E45F8000A8C17 /* PBXTargetDependency */ = {
			isa = PBXTargetDependency;
			target = 5BC7957C2C0E45F6000A8C17 /* plotpoints */;
			targetProxy = 5BC795902C0E45F8000A8C17 /* PBXContainerItemProxy */;
		};
		5BC7959B2C0E45F8000A8C17 /* PBXTargetDependency */ = {
			isa = PBXTargetDependency;
			target = 5BC7957C2C0E45F6000A8C17 /* plotpoints */;
			targetProxy = 5BC7959A2C0E45F8000A8C17 /* PBXContainerItemProxy */;
		};
/* End PBXTargetDependency section */

/* Begin XCBuildConfiguration section */
		5BC795A12C0E45F8000A8C17 /* Debug */ = {
			isa = XCBuildConfiguration;
			buildSettings = {
				ALWAYS_SEARCH_USER_PATHS = NO;
				ASSETCATALOG_COMPILER_GENERATE_SWIFT_ASSET_SYMBOL_EXTENSIONS = YES;
				CLANG_ANALYZER_NONNULL = YES;
				CLANG_ANALYZER_NUMBER_OBJECT_CONVERSION = YES_AGGRESSIVE;
				CLANG_CXX_LANGUAGE_STANDARD = "gnu++20";
				CLANG_ENABLE_MODULES = YES;
				CLANG_ENABLE_OBJC_ARC = YES;
				CLANG_ENABLE_OBJC_WEAK = YES;
				CLANG_WARN_BLOCK_CAPTURE_AUTORELEASING = YES;
				CLANG_WARN_BOOL_CONVERSION = YES;
				CLANG_WARN_COMMA = YES;
				CLANG_WARN_CONSTANT_CONVERSION = YES;
				CLANG_WARN_DEPRECATED_OBJC_IMPLEMENTATIONS = YES;
				CLANG_WARN_DIRECT_OBJC_ISA_USAGE = YES_ERROR;
				CLANG_WARN_DOCUMENTATION_COMMENTS = YES;
				CLANG_WARN_EMPTY_BODY = YES;
				CLANG_WARN_ENUM_CONVERSION = YES;
				CLANG_WARN_INFINITE_RECURSION = YES;
				CLANG_WARN_INT_CONVERSION = YES;
				CLANG_WARN_NON_LITERAL_NULL_CONVERSION = YES;
				CLANG_WARN_OBJC_IMPLICIT_RETAIN_SELF = YES;
				CLANG_WARN_OBJC_LITERAL_CONVERSION = YES;
				CLANG_WARN_OBJC_ROOT_CLASS = YES_ERROR;
				CLANG_WARN_QUOTED_INCLUDE_IN_FRAMEWORK_HEADER = YES;
				CLANG_WARN_RANGE_LOOP_ANALYSIS = YES;
				CLANG_WARN_STRICT_PROTOTYPES = YES;
				CLANG_WARN_SUSPICIOUS_MOVE = YES;
				CLANG_WARN_UNGUARDED_AVAILABILITY = YES_AGGRESSIVE;
				CLANG_WARN_UNREACHABLE_CODE = YES;
				CLANG_WARN__DUPLICATE_METHOD_MATCH = YES;
				COPY_PHASE_STRIP = NO;
				DEBUG_INFORMATION_FORMAT = dwarf;
				ENABLE_STRICT_OBJC_MSGSEND = YES;
				ENABLE_TESTABILITY = YES;
				ENABLE_USER_SCRIPT_SANDBOXING = YES;
				GCC_C_LANGUAGE_STANDARD = gnu17;
				GCC_DYNAMIC_NO_PIC = NO;
				GCC_NO_COMMON_BLOCKS = YES;
				GCC_OPTIMIZATION_LEVEL = 0;
				GCC_PREPROCESSOR_DEFINITIONS = (
					"DEBUG=1",
					"$(inherited)",
				);
				GCC_WARN_64_TO_32_BIT_CONVERSION = YES;
				GCC_WARN_ABOUT_RETURN_TYPE = YES_ERROR;
				GCC_WARN_UNDECLARED_SELECTOR = YES;
				GCC_WARN_UNINITIALIZED_AUTOS = YES_AGGRESSIVE;
				GCC_WARN_UNUSED_FUNCTION = YES;
				GCC_WARN_UNUSED_VARIABLE = YES;
				IPHONEOS_DEPLOYMENT_TARGET = 17.4;
				LOCALIZATION_PREFERS_STRING_CATALOGS = YES;
				MTL_ENABLE_DEBUG_INFO = INCLUDE_SOURCE;
				MTL_FAST_MATH = YES;
				ONLY_ACTIVE_ARCH = YES;
				SDKROOT = iphoneos;
				SWIFT_ACTIVE_COMPILATION_CONDITIONS = "DEBUG $(inherited)";
				SWIFT_OPTIMIZATION_LEVEL = "-Onone";
			};
			name = Debug;
		};
		5BC795A22C0E45F8000A8C17 /* Release */ = {
			isa = XCBuildConfiguration;
			buildSettings = {
				ALWAYS_SEARCH_USER_PATHS = NO;
				ASSETCATALOG_COMPILER_GENERATE_SWIFT_ASSET_SYMBOL_EXTENSIONS = YES;
				CLANG_ANALYZER_NONNULL = YES;
				CLANG_ANALYZER_NUMBER_OBJECT_CONVERSION = YES_AGGRESSIVE;
				CLANG_CXX_LANGUAGE_STANDARD = "gnu++20";
				CLANG_ENABLE_MODULES = YES;
				CLANG_ENABLE_OBJC_ARC = YES;
				CLANG_ENABLE_OBJC_WEAK = YES;
				CLANG_WARN_BLOCK_CAPTURE_AUTORELEASING = YES;
				CLANG_WARN_BOOL_CONVERSION = YES;
				CLANG_WARN_COMMA = YES;
				CLANG_WARN_CONSTANT_CONVERSION = YES;
				CLANG_WARN_DEPRECATED_OBJC_IMPLEMENTATIONS = YES;
				CLANG_WARN_DIRECT_OBJC_ISA_USAGE = YES_ERROR;
				CLANG_WARN_DOCUMENTATION_COMMENTS = YES;
				CLANG_WARN_EMPTY_BODY = YES;
				CLANG_WARN_ENUM_CONVERSION = YES;
				CLANG_WARN_INFINITE_RECURSION = YES;
				CLANG_WARN_INT_CONVERSION = YES;
				CLANG_WARN_NON_LITERAL_NULL_CONVERSION = YES;
				CLANG_WARN_OBJC_IMPLICIT_RETAIN_SELF = YES;
				CLANG_WARN_OBJC_LITERAL_CONVERSION = YES;
				CLANG_WARN_OBJC_ROOT_CLASS = YES_ERROR;
				CLANG_WARN_QUOTED_INCLUDE_IN_FRAMEWORK_HEADER = YES;
				CLANG_WARN_RANGE_LOOP_ANALYSIS = YES;
				CLANG_WARN_STRICT_PROTOTYPES = YES;
				CLANG_WARN_SUSPICIOUS_MOVE = YES;
				CLANG_WARN_UNGUARDED_AVAILABILITY = YES_AGGRESSIVE;
				CLANG_WARN_UNREACHABLE_CODE = YES;
				CLANG_WARN__DUPLICATE_METHOD_MATCH = YES;
				COPY_PHASE_STRIP = NO;
				DEBUG_INFORMATION_FORMAT = "dwarf-with-dsym";
				ENABLE_NS_ASSERTIONS = NO;
				ENABLE_STRICT_OBJC_MSGSEND = YES;
				ENABLE_USER_SCRIPT_SANDBOXING = YES;
				GCC_C_LANGUAGE_STANDARD = gnu17;
				GCC_NO_COMMON_BLOCKS = YES;
				GCC_WARN_64_TO_32_BIT_CONVERSION = YES;
				GCC_WARN_ABOUT_RETURN_TYPE = YES_ERROR;
				GCC_WARN_UNDECLARED_SELECTOR = YES;
				GCC_WARN_UNINITIALIZED_AUTOS = YES_AGGRESSIVE;
				GCC_WARN_UNUSED_FUNCTION = YES;
				GCC_WARN_UNUSED_VARIABLE = YES;
				IPHONEOS_DEPLOYMENT_TARGET = 17.4;
				LOCALIZATION_PREFERS_STRING_CATALOGS = YES;
				MTL_ENABLE_DEBUG_INFO = NO;
				MTL_FAST_MATH = YES;
				SDKROOT = iphoneos;
				SWIFT_COMPILATION_MODE = wholemodule;
				VALIDATE_PRODUCT = YES;
			};
			name = Release;
		};
		5BC795A42C0E45F8000A8C17 /* Debug */ = {
			isa = XCBuildConfiguration;
			buildSettings = {
				ASSETCATALOG_COMPILER_APPICON_NAME = AppIcon;
				ASSETCATALOG_COMPILER_GLOBAL_ACCENT_COLOR_NAME = AccentColor;
				CODE_SIGN_STYLE = Automatic;
				CURRENT_PROJECT_VERSION = 1;
				DEVELOPMENT_ASSET_PATHS = "\"plotpoints/Preview Content\"";
				DEVELOPMENT_TEAM = 3M2TSQ6JV8;
				ENABLE_PREVIEWS = YES;
				GENERATE_INFOPLIST_FILE = YES;
				INFOPLIST_KEY_UIApplicationSceneManifest_Generation = YES;
				INFOPLIST_KEY_UIApplicationSupportsIndirectInputEvents = YES;
				INFOPLIST_KEY_UILaunchScreen_Generation = YES;
				INFOPLIST_KEY_UISupportedInterfaceOrientations_iPad = "UIInterfaceOrientationPortrait UIInterfaceOrientationPortraitUpsideDown UIInterfaceOrientationLandscapeLeft UIInterfaceOrientationLandscapeRight";
				INFOPLIST_KEY_UISupportedInterfaceOrientations_iPhone = "UIInterfaceOrientationPortrait UIInterfaceOrientationLandscapeLeft UIInterfaceOrientationLandscapeRight";
				LD_RUNPATH_SEARCH_PATHS = (
					"$(inherited)",
					"@executable_path/Frameworks",
				);
				MARKETING_VERSION = 1.0;
				PRODUCT_BUNDLE_IDENTIFIER = rivenshell.plotpoints;
				PRODUCT_NAME = "$(TARGET_NAME)";
				SWIFT_EMIT_LOC_STRINGS = YES;
				SWIFT_VERSION = 5.0;
				TARGETED_DEVICE_FAMILY = "1,2";
			};
			name = Debug;
		};
		5BC795A52C0E45F8000A8C17 /* Release */ = {
			isa = XCBuildConfiguration;
			buildSettings = {
				ASSETCATALOG_COMPILER_APPICON_NAME = AppIcon;
				ASSETCATALOG_COMPILER_GLOBAL_ACCENT_COLOR_NAME = AccentColor;
				CODE_SIGN_STYLE = Automatic;
				CURRENT_PROJECT_VERSION = 1;
				DEVELOPMENT_ASSET_PATHS = "\"plotpoints/Preview Content\"";
				DEVELOPMENT_TEAM = 3M2TSQ6JV8;
				ENABLE_PREVIEWS = YES;
				GENERATE_INFOPLIST_FILE = YES;
				INFOPLIST_KEY_UIApplicationSceneManifest_Generation = YES;
				INFOPLIST_KEY_UIApplicationSupportsIndirectInputEvents = YES;
				INFOPLIST_KEY_UILaunchScreen_Generation = YES;
				INFOPLIST_KEY_UISupportedInterfaceOrientations_iPad = "UIInterfaceOrientationPortrait UIInterfaceOrientationPortraitUpsideDown UIInterfaceOrientationLandscapeLeft UIInterfaceOrientationLandscapeRight";
				INFOPLIST_KEY_UISupportedInterfaceOrientations_iPhone = "UIInterfaceOrientationPortrait UIInterfaceOrientationLandscapeLeft UIInterfaceOrientationLandscapeRight";
				LD_RUNPATH_SEARCH_PATHS = (
					"$(inherited)",
					"@executable_path/Frameworks",
				);
				MARKETING_VERSION = 1.0;
				PRODUCT_BUNDLE_IDENTIFIER = rivenshell.plotpoints;
				PRODUCT_NAME = "$(TARGET_NAME)";
				SWIFT_EMIT_LOC_STRINGS = YES;
				SWIFT_VERSION = 5.0;
				TARGETED_DEVICE_FAMILY = "1,2";
			};
			name = Release;
		};
		5BC795A72C0E45F8000A8C17 /* Debug */ = {
			isa = XCBuildConfiguration;
			buildSettings = {
				ALWAYS_EMBED_SWIFT_STANDARD_LIBRARIES = YES;
				BUNDLE_LOADER = "$(TEST_HOST)";
				CODE_SIGN_STYLE = Automatic;
				CURRENT_PROJECT_VERSION = 1;
				DEVELOPMENT_TEAM = 3M2TSQ6JV8;
				GENERATE_INFOPLIST_FILE = YES;
				IPHONEOS_DEPLOYMENT_TARGET = 17.4;
				MARKETING_VERSION = 1.0;
				PRODUCT_BUNDLE_IDENTIFIER = rivenshell.plotpointsTests;
				PRODUCT_NAME = "$(TARGET_NAME)";
				SWIFT_EMIT_LOC_STRINGS = NO;
				SWIFT_VERSION = 5.0;
				TARGETED_DEVICE_FAMILY = "1,2";
				TEST_HOST = "$(BUILT_PRODUCTS_DIR)/plotpoints.app/$(BUNDLE_EXECUTABLE_FOLDER_PATH)/plotpoints";
			};
			name = Debug;
		};
		5BC795A82C0E45F8000A8C17 /* Release */ = {
			isa = XCBuildConfiguration;
			buildSettings = {
				ALWAYS_EMBED_SWIFT_STANDARD_LIBRARIES = YES;
				BUNDLE_LOADER = "$(TEST_HOST)";
				CODE_SIGN_STYLE = Automatic;
				CURRENT_PROJECT_VERSION = 1;
				DEVELOPMENT_TEAM = 3M2TSQ6JV8;
				GENERATE_INFOPLIST_FILE = YES;
				IPHONEOS_DEPLOYMENT_TARGET = 17.4;
				MARKETING_VERSION = 1.0;
				PRODUCT_BUNDLE_IDENTIFIER = rivenshell.plotpointsTests;
				PRODUCT_NAME = "$(TARGET_NAME)";
				SWIFT_EMIT_LOC_STRINGS = NO;
				SWIFT_VERSION = 5.0;
				TARGETED_DEVICE_FAMILY = "1,2";
				TEST_HOST = "$(BUILT_PRODUCTS_DIR)/plotpoints.app/$(BUNDLE_EXECUTABLE_FOLDER_PATH)/plotpoints";
			};
			name = Release;
		};
		5BC795AA2C0E45F8000A8C17 /* Debug */ = {
			isa = XCBuildConfiguration;
			buildSettings = {
				ALWAYS_EMBED_SWIFT_STANDARD_LIBRARIES = YES;
				CODE_SIGN_STYLE = Automatic;
				CURRENT_PROJECT_VERSION = 1;
				DEVELOPMENT_TEAM = 3M2TSQ6JV8;
				GENERATE_INFOPLIST_FILE = YES;
				MARKETING_VERSION = 1.0;
				PRODUCT_BUNDLE_IDENTIFIER = rivenshell.plotpointsUITests;
				PRODUCT_NAME = "$(TARGET_NAME)";
				SWIFT_EMIT_LOC_STRINGS = NO;
				SWIFT_VERSION = 5.0;
				TARGETED_DEVICE_FAMILY = "1,2";
				TEST_TARGET_NAME = plotpoints;
			};
			name = Debug;
		};
		5BC795AB2C0E45F8000A8C17 /* Release */ = {
			isa = XCBuildConfiguration;
			buildSettings = {
				ALWAYS_EMBED_SWIFT_STANDARD_LIBRARIES = YES;
				CODE_SIGN_STYLE = Automatic;
				CURRENT_PROJECT_VERSION = 1;
				DEVELOPMENT_TEAM = 3M2TSQ6JV8;
				GENERATE_INFOPLIST_FILE = YES;
				MARKETING_VERSION = 1.0;
				PRODUCT_BUNDLE_IDENTIFIER = rivenshell.plotpointsUITests;
				PRODUCT_NAME = "$(TARGET_NAME)";
				SWIFT_EMIT_LOC_STRINGS = NO;
				SWIFT_VERSION = 5.0;
				TARGETED_DEVICE_FAMILY = "1,2";
				TEST_TARGET_NAME = plotpoints;
			};
			name = Release;
		};
/* End XCBuildConfiguration section */

/* Begin XCConfigurationList section */
		5BC795782C0E45F6000A8C17 /* Build configuration list for PBXProject "plotpoints" */ = {
			isa = XCConfigurationList;
			buildConfigurations = (
				5BC795A12C0E45F8000A8C17 /* Debug */,
				5BC795A22C0E45F8000A8C17 /* Release */,
			);
			defaultConfigurationIsVisible = 0;
			defaultConfigurationName = Release;
		};
		5BC795A32C0E45F8000A8C17 /* Build configuration list for PBXNativeTarget "plotpoints" */ = {
			isa = XCConfigurationList;
			buildConfigurations = (
				5BC795A42C0E45F8000A8C17 /* Debug */,
				5BC795A52C0E45F8000A8C17 /* Release */,
			);
			defaultConfigurationIsVisible = 0;
			defaultConfigurationName = Release;
		};
		5BC795A62C0E45F8000A8C17 /* Build configuration list for PBXNativeTarget "plotpointsTests" */ = {
			isa = XCConfigurationList;
			buildConfigurations = (
				5BC795A72C0E45F8000A8C17 /* Debug */,
				5BC795A82C0E45F8000A8C17 /* Release */,
			);
			defaultConfigurationIsVisible = 0;
			defaultConfigurationName = Release;
		};
		5BC795A92C0E45F8000A8C17 /* Build configuration list for PBXNativeTarget "plotpointsUITests" */ = {
			isa = XCConfigurationList;
			buildConfigurations = (
				5BC795AA2C0E45F8000A8C17 /* Debug */,
				5BC795AB2C0E45F8000A8C17 /* Release */,
			);
			defaultConfigurationIsVisible = 0;
			defaultConfigurationName = Release;
		};
/* End XCConfigurationList section */
	};
	rootObject = 5BC795752C0E45F6000A8C17 /* Project object */;
}
